
Microsoft Visual Studio Solution File, Format Version 12.00
# Visual Studio Version 17
VisualStudioVersion = 17.2.32602.215
MinimumVisualStudioVersion = 10.0.40219.1
Project("{FAE04EC0-301F-11D3-BF4B-00C04F79EFBC}") = "VShop.ProductApi", "VShop.ProductApi\VShop.ProductApi.csproj", "{B8AAFC9C-EFA0-4E45-9944-82BA4E880EC8}"
EndProject
Global
	GlobalSection(SolutionConfigurationPlatforms) = preSolution
		Debug|Any CPU = Debug|Any CPU
		Release|Any CPU = Release|Any CPU
	EndGlobalSection
	GlobalSection(ProjectConfigurationPlatforms) = postSolution
		{B8AAFC9C-EFA0-4E45-9944-82BA4E880EC8}.Debug|Any CPU.ActiveCfg = Debug|Any CPU
		{B8AAFC9C-EFA0-4E45-9944-82BA4E880EC8}.Debug|Any CPU.Build.0 = Debug|Any CPU
		{B8AAFC9C-EFA0-4E45-9944-82BA4E880EC8}.Release|Any CPU.ActiveCfg = Release|Any CPU
		{B8AAFC9C-EFA0-4E45-9944-82BA4E880EC8}.Release|Any CPU.Build.0 = Release|Any CPU
	EndGlobalSection
	GlobalSection(SolutionProperties) = preSolution
		HideSolutionNode = FALSE
	EndGlobalSection
	GlobalSection(ExtensibilityGlobals) = postSolution
		SolutionGuid = {1CA93F1E-EC58-43F0-A88D-DC3989C816E6}
	EndGlobalSection
EndGlobal
